
Microsoft Visual Studio Solution File, Format Version 12.00
# Visual Studio Version 17
VisualStudioVersion = 17.6.33801.468
MinimumVisualStudioVersion = 10.0.40219.1
Project("{FAE04EC0-301F-11D3-BF4B-00C04F79EFBC}") = "时间计算", "时间计算.csproj", "{B1793FD4-B7C8-4CE6-BE2D-0031695520AD}"
EndProject
Global
	GlobalSection(SolutionConfigurationPlatforms) = preSolution
		Debug|Any CPU = Debug|Any CPU
		Release|Any CPU = Release|Any CPU
	EndGlobalSection
	GlobalSection(ProjectConfigurationPlatforms) = postSolution
		{B1793FD4-B7C8-4CE6-BE2D-0031695520AD}.Debug|Any CPU.ActiveCfg = Debug|Any CPU
		{B1793FD4-B7C8-4CE6-BE2D-0031695520AD}.Debug|Any CPU.Build.0 = Debug|Any CPU
		{B1793FD4-B7C8-4CE6-BE2D-0031695520AD}.Release|Any CPU.ActiveCfg = Release|Any CPU
		{B1793FD4-B7C8-4CE6-BE2D-0031695520AD}.Release|Any CPU.Build.0 = Release|Any CPU
	EndGlobalSection
	GlobalSection(SolutionProperties) = preSolution
		HideSolutionNode = FALSE
	EndGlobalSection
	GlobalSection(ExtensibilityGlobals) = postSolution
		SolutionGuid = {D934CE08-612C-448E-ABF0-DFC2089591BB}
	EndGlobalSection
EndGlobal
